
Microsoft Visual Studio Solution File, Format Version 12.00
# Visual Studio 2013
VisualStudioVersion = 12.0.30723.0
MinimumVisualStudioVersion = 10.0.40219.1
Project("{FAE04EC0-301F-11D3-BF4B-00C04F79EFBC}") = "Byteindex.com.Web", "Byteindex.com.Web\Byteindex.com.Web.csproj", "{BDDD2876-2F53-4E4C-AAD9-1C623BB6577C}"
EndProject
Global
	GlobalSection(SolutionConfigurationPlatforms) = preSolution
		Debug|Any CPU = Debug|Any CPU
		Release|Any CPU = Release|Any CPU
	EndGlobalSection
	GlobalSection(ProjectConfigurationPlatforms) = postSolution
		{BDDD2876-2F53-4E4C-AAD9-1C623BB6577C}.Debug|Any CPU.ActiveCfg = Debug|Any CPU
		{BDDD2876-2F53-4E4C-AAD9-1C623BB6577C}.Debug|Any CPU.Build.0 = Debug|Any CPU
		{BDDD2876-2F53-4E4C-AAD9-1C623BB6577C}.Release|Any CPU.ActiveCfg = Release|Any CPU
		{BDDD2876-2F53-4E4C-AAD9-1C623BB6577C}.Release|Any CPU.Build.0 = Release|Any CPU
	EndGlobalSection
	GlobalSection(SolutionProperties) = preSolution
		HideSolutionNode = FALSE
	EndGlobalSection
EndGlobal
